{
  "requires": true,
  "lockfileVersion": 1,
  "dependencies": {
    "@ng-select/ng-select": {
      "version": "5.0.9",
      "resolved": "https://registry.npmjs.org/@ng-select/ng-select/-/ng-select-5.0.9.tgz",
      "integrity": "sha512-YZeSAiS8/Nx/eHZJPmOOYL8YmcvSq+dr1P8WIrsKmRA7mueorBpPc5xlUj+nLQbpLtsiQvdWDQspf/ykOvD/lA==",
      "requires": {
        "tslib": "^2.0.0"
      }
    },
    "tslib": {
      "version": "2.0.3",
      "resolved": "https://registry.npmjs.org/tslib/-/tslib-2.0.3.tgz",
      "integrity": "sha512-uZtkfKblCEQtZKBF6EBXVZeQNl82yqtDQdv+eck8u7tdPxjLu2/lp5/uPW+um2tpuxINHWy3GhiccY7QgEaVHQ=="
    }
  }
}
